
Microsoft Visual Studio Solution File, Format Version 12.00
# Visual Studio Version 17
VisualStudioVersion = 17.14.36301.6
MinimumVisualStudioVersion = 10.0.40219.1
Project("{FAE04EC0-301F-11D3-BF4B-00C04F79EFBC}") = "WebAopiShop", "WebAopiShop\WebAopiShop.csproj", "{222FF2EA-8B45-481F-963F-8FB3F8D442D2}"
EndProject
Project("{FAE04EC0-301F-11D3-BF4B-00C04F79EFBC}") = "Repositories", "Repositories\Repositories.csproj", "{0628B2BD-B86B-4169-8135-4A87211B86F6}"
EndProject
Project("{FAE04EC0-301F-11D3-BF4B-00C04F79EFBC}") = "Services", "Sevices\Services.csproj", "{F8E769F5-CDDD-41C7-A555-489ADD557551}"
EndProject
Project("{FAE04EC0-301F-11D3-BF4B-00C04F79EFBC}") = "Entities", "Entities\Entities.csproj", "{A157D173-CAB1-46A7-99DC-D6CFE4D0C850}"
EndProject
Global
	GlobalSection(SolutionConfigurationPlatforms) = preSolution
		Debug|Any CPU = Debug|Any CPU
		Release|Any CPU = Release|Any CPU
	EndGlobalSection
	GlobalSection(ProjectConfigurationPlatforms) = postSolution
		{222FF2EA-8B45-481F-963F-8FB3F8D442D2}.Debug|Any CPU.ActiveCfg = Debug|Any CPU
		{222FF2EA-8B45-481F-963F-8FB3F8D442D2}.Debug|Any CPU.Build.0 = Debug|Any CPU
		{222FF2EA-8B45-481F-963F-8FB3F8D442D2}.Release|Any CPU.ActiveCfg = Release|Any CPU
		{222FF2EA-8B45-481F-963F-8FB3F8D442D2}.Release|Any CPU.Build.0 = Release|Any CPU
		{0628B2BD-B86B-4169-8135-4A87211B86F6}.Debug|Any CPU.ActiveCfg = Debug|Any CPU
		{0628B2BD-B86B-4169-8135-4A87211B86F6}.Debug|Any CPU.Build.0 = Debug|Any CPU
		{0628B2BD-B86B-4169-8135-4A87211B86F6}.Release|Any CPU.ActiveCfg = Release|Any CPU
		{0628B2BD-B86B-4169-8135-4A87211B86F6}.Release|Any CPU.Build.0 = Release|Any CPU
		{F8E769F5-CDDD-41C7-A555-489ADD557551}.Debug|Any CPU.ActiveCfg = Debug|Any CPU
		{F8E769F5-CDDD-41C7-A555-489ADD557551}.Debug|Any CPU.Build.0 = Debug|Any CPU
		{F8E769F5-CDDD-41C7-A555-489ADD557551}.Release|Any CPU.ActiveCfg = Release|Any CPU
		{F8E769F5-CDDD-41C7-A555-489ADD557551}.Release|Any CPU.Build.0 = Release|Any CPU
		{A157D173-CAB1-46A7-99DC-D6CFE4D0C850}.Debug|Any CPU.ActiveCfg = Debug|Any CPU
		{A157D173-CAB1-46A7-99DC-D6CFE4D0C850}.Debug|Any CPU.Build.0 = Debug|Any CPU
		{A157D173-CAB1-46A7-99DC-D6CFE4D0C850}.Release|Any CPU.ActiveCfg = Release|Any CPU
		{A157D173-CAB1-46A7-99DC-D6CFE4D0C850}.Release|Any CPU.Build.0 = Release|Any CPU
	EndGlobalSection
	GlobalSection(SolutionProperties) = preSolution
		HideSolutionNode = FALSE
	EndGlobalSection
	GlobalSection(ExtensibilityGlobals) = postSolution
		SolutionGuid = {48423FBD-DDA7-4AC1-99D1-957E15B6A0F3}
	EndGlobalSection
EndGlobal
